// !$*UTF8*$!
{
	archiveVersion = 1;
	classes = {
	};
	objectVersion = 50;
	objects = {

/* Begin PBXFileReference section */
		023D6DEC229783C400F08684 /* basics.cpp */ = {isa = PBXFileReference; lastKnownFileType = sourcecode.cpp.cpp; path = basics.cpp; sourceTree = "<group>"; };
		023D6DEE229783C400F08684 /* linkStack.cpp */ = {isa = PBXFileReference; lastKnownFileType = sourcecode.cpp.cpp; path = linkStack.cpp; sourceTree = "<group>"; };
		023D6DEF229783C400F08684 /* staticLink.cpp */ = {isa = PBXFileReference; lastKnownFileType = sourcecode.cpp.cpp; path = staticLink.cpp; sourceTree = "<group>"; };
		023D6DF0229783C400F08684 /* list.cpp */ = {isa = PBXFileReference; lastKnownFileType = sourcecode.cpp.cpp; path = list.cpp; sourceTree = "<group>"; };
		023D6DF1229783C400F08684 /* queue.cpp */ = {isa = PBXFileReference; lastKnownFileType = sourcecode.cpp.cpp; path = queue.cpp; sourceTree = "<group>"; };
		023D6DF2229783C400F08684 /* tree.cpp */ = {isa = PBXFileReference; lastKnownFileType = sourcecode.cpp.cpp; path = tree.cpp; sourceTree = "<group>"; };
		023D6DF3229783C400F08684 /* stackSpaceSharing.cpp */ = {isa = PBXFileReference; lastKnownFileType = sourcecode.cpp.cpp; path = stackSpaceSharing.cpp; sourceTree = "<group>"; };
		023D6DF4229783C400F08684 /* stack.cpp */ = {isa = PBXFileReference; lastKnownFileType = sourcecode.cpp.cpp; path = stack.cpp; sourceTree = "<group>"; };
		023D6DF5229783C400F08684 /* string.cpp */ = {isa = PBXFileReference; lastKnownFileType = sourcecode.cpp.cpp; path = string.cpp; sourceTree = "<group>"; };
		023D6DF6229783C400F08684 /* loopQueue.cpp */ = {isa = PBXFileReference; lastKnownFileType = sourcecode.cpp.cpp; path = loopQueue.cpp; sourceTree = "<group>"; };
		023D6DF7229783C400F08684 /* singleLink.cpp */ = {isa = PBXFileReference; lastKnownFileType = sourcecode.cpp.cpp; path = singleLink.cpp; sourceTree = "<group>"; };
		023D6DF82297866400F08684 /* ThomsonReuters */ = {isa = PBXFileReference; lastKnownFileType = text; path = ThomsonReuters; sourceTree = "<group>"; };
		023D6DFB229789EC00F08684 /* linkAlgorithm.cpp */ = {isa = PBXFileReference; lastKnownFileType = sourcecode.cpp.cpp; path = linkAlgorithm.cpp; sourceTree = "<group>"; };
		023D6DFC229789FD00F08684 /* arrayAlgorithm.cpp */ = {isa = PBXFileReference; lastKnownFileType = sourcecode.cpp.cpp; path = arrayAlgorithm.cpp; sourceTree = "<group>"; };
		023D6DFD22978A1400F08684 /* treeAlgorithm.cpp */ = {isa = PBXFileReference; lastKnownFileType = sourcecode.cpp.cpp; path = treeAlgorithm.cpp; sourceTree = "<group>"; };
		023D6DFE22978A2700F08684 /* stringAlgorithm.cpp */ = {isa = PBXFileReference; lastKnownFileType = sourcecode.cpp.cpp; path = stringAlgorithm.cpp; sourceTree = "<group>"; };
		023D6DFF22978AEA00F08684 /* myInterviewNotes */ = {isa = PBXFileReference; lastKnownFileType = text; path = myInterviewNotes; sourceTree = "<group>"; };
		023D6E0C22979A1100F08684 /* binaryTree.cpp */ = {isa = PBXFileReference; lastKnownFileType = sourcecode.cpp.cpp; path = binaryTree.cpp; sourceTree = "<group>"; };
/* End PBXFileReference section */

/* Begin PBXGroup section */
		023D6DE32297838900F08684 = {
			isa = PBXGroup;
			children = (
				023D6DED229783C400F08684 /* dataStructure */,
				023D6DEB229783C400F08684 /* algorithm */,
				023D6DEA229783C400F08684 /* interviewExeperience */,
			);
			sourceTree = "<group>";
		};
		023D6DEA229783C400F08684 /* interviewExeperience */ = {
			isa = PBXGroup;
			children = (
				023D6DF82297866400F08684 /* ThomsonReuters */,
				023D6DFF22978AEA00F08684 /* myInterviewNotes */,
			);
			path = interviewExeperience;
			sourceTree = "<group>";
		};
		023D6DEB229783C400F08684 /* algorithm */ = {
			isa = PBXGroup;
			children = (
				023D6DEC229783C400F08684 /* basics.cpp */,
				023D6DFB229789EC00F08684 /* linkAlgorithm.cpp */,
				023D6DFC229789FD00F08684 /* arrayAlgorithm.cpp */,
				023D6DFD22978A1400F08684 /* treeAlgorithm.cpp */,
				023D6DFE22978A2700F08684 /* stringAlgorithm.cpp */,
			);
			path = algorithm;
			sourceTree = "<group>";
		};
		023D6DED229783C400F08684 /* dataStructure */ = {
			isa = PBXGroup;
			children = (
				023D6DF0229783C400F08684 /* list.cpp */,
				023D6DF7229783C400F08684 /* singleLink.cpp */,
				023D6DEF229783C400F08684 /* staticLink.cpp */,
				023D6DF1229783C400F08684 /* queue.cpp */,
				023D6DF6229783C400F08684 /* loopQueue.cpp */,
				023D6DF4229783C400F08684 /* stack.cpp */,
				023D6DEE229783C400F08684 /* linkStack.cpp */,
				023D6DF3229783C400F08684 /* stackSpaceSharing.cpp */,
				023D6DF2229783C400F08684 /* tree.cpp */,
				023D6E0C22979A1100F08684 /* binaryTree.cpp */,
				023D6DF5229783C400F08684 /* string.cpp */,
			);
			path = dataStructure;
			sourceTree = "<group>";
		};
/* End PBXGroup section */

/* Begin PBXProject section */
		023D6DE42297838900F08684 /* Project object */ = {
			isa = PBXProject;
			attributes = {
				LastUpgradeCheck = 1010;
			};
			buildConfigurationList = 023D6DE72297838900F08684 /* Build configuration list for PBXProject "helloOffer" */;
			compatibilityVersion = "Xcode 9.3";
			developmentRegion = en;
			hasScannedForEncodings = 0;
			knownRegions = (
				en,
			);
			mainGroup = 023D6DE32297838900F08684;
			projectDirPath = "";
			projectRoot = "";
			targets = (
			);
		};
/* End PBXProject section */

/* Begin XCBuildConfiguration section */
		023D6DE82297838900F08684 /* Debug */ = {
			isa = XCBuildConfiguration;
			buildSettings = {
			};
			name = Debug;
		};
		023D6DE92297838900F08684 /* Release */ = {
			isa = XCBuildConfiguration;
			buildSettings = {
			};
			name = Release;
		};
/* End XCBuildConfiguration section */

/* Begin XCConfigurationList section */
		023D6DE72297838900F08684 /* Build configuration list for PBXProject "helloOffer" */ = {
			isa = XCConfigurationList;
			buildConfigurations = (
				023D6DE82297838900F08684 /* Debug */,
				023D6DE92297838900F08684 /* Release */,
			);
			defaultConfigurationIsVisible = 0;
			defaultConfigurationName = Release;
		};
/* End XCConfigurationList section */
	};
	rootObject = 023D6DE42297838900F08684 /* Project object */;
}
